github.com/hashicorp/go-reap v0.0.0-20170704170343-bf58d8a43e7b h1:3GrpnZQBxcMj1gCXQLelfjCT1D5MPGTuGMKHVzSIH6A=
github.com/hashicorp/go-reap v0.0.0-20170704170343-bf58d8a43e7b/go.mod h1:qIFzeFcJU3OIFk/7JreWXcUjFmcCaeHTH9KoNyHYVCs=
golang.org/x/sys v0.0.0-20190804053845-51ab0e2deafa h1:KIDDMLT1O0Nr7TSxp8xM5tJcdn8tgyAONntO829og1M=
golang.org/x/sys v0.0.0-20190804053845-51ab0e2deafa/go.mod h1:h1NjWce9XRLGQEsW7wpKNCjG9DtNlClVuFLEZdDNbEs=
gopkg.in/check.v1 v0.0.0-20161208181325-20d25e280405/go.mod h1:Co6ibVJAznAaIkqp8huTwlJQCZ016jof/cbN4VW5Yz0=
gopkg.in/yaml.v2 v2.2.2 h1:ZCJp+EgiOT7lHqUV2J862kp8Qj64Jo6az82+3Td9dZw=
gopkg.in/yaml.v2 v2.2.2/go.mod h1:hI93XBmqTisBFMUTm0b8Fm+jr3Dg1NNxqwp+5A1VGuI=
